
Microsoft Visual Studio Solution File, Format Version 12.00
# Visual Studio 15
VisualStudioVersion = 15.0.28307.572
MinimumVisualStudioVersion = 10.0.40219.1
Project("{8BC9CEB8-8B4A-11D0-8D11-00A0C91BC942}") = "Matrix_Operation", "Matrix_Operation\Matrix_Operation.vcxproj", "{34C52E13-ACB9-43EC-B1EB-22D25317D3F3}"
EndProject
Global
	GlobalSection(SolutionConfigurationPlatforms) = preSolution
		Debug|x64 = Debug|x64
		Debug|x86 = Debug|x86
		Release|x64 = Release|x64
		Release|x86 = Release|x86
	EndGlobalSection
	GlobalSection(ProjectConfigurationPlatforms) = postSolution
		{34C52E13-ACB9-43EC-B1EB-22D25317D3F3}.Debug|x64.ActiveCfg = Debug|x64
		{34C52E13-ACB9-43EC-B1EB-22D25317D3F3}.Debug|x64.Build.0 = Debug|x64
		{34C52E13-ACB9-43EC-B1EB-22D25317D3F3}.Debug|x86.ActiveCfg = Debug|Win32
		{34C52E13-ACB9-43EC-B1EB-22D25317D3F3}.Debug|x86.Build.0 = Debug|Win32
		{34C52E13-ACB9-43EC-B1EB-22D25317D3F3}.Release|x64.ActiveCfg = Release|x64
		{34C52E13-ACB9-43EC-B1EB-22D25317D3F3}.Release|x64.Build.0 = Release|x64
		{34C52E13-ACB9-43EC-B1EB-22D25317D3F3}.Release|x86.ActiveCfg = Release|Win32
		{34C52E13-ACB9-43EC-B1EB-22D25317D3F3}.Release|x86.Build.0 = Release|Win32
	EndGlobalSection
	GlobalSection(SolutionProperties) = preSolution
		HideSolutionNode = FALSE
	EndGlobalSection
	GlobalSection(ExtensibilityGlobals) = postSolution
		SolutionGuid = {108E0112-07EB-48A0-AA4E-7304B2D078F1}
	EndGlobalSection
EndGlobal
